{
  "requires": true,
  "lockfileVersion": 1,
  "dependencies": {
    "@vue/devtools-api": {
      "version": "6.1.4",
      "resolved": "https://registry.npmjs.org/@vue/devtools-api/-/devtools-api-6.1.4.tgz",
      "integrity": "sha512-IiA0SvDrJEgXvVxjNkHPFfDx6SXw0b/TUkqMcDZWNg9fnCAHbTpoo59YfJ9QLFkwa3raau5vSlRVzMSLDnfdtQ=="
    },
    "pinia": {
      "version": "2.0.14",
      "resolved": "https://registry.npmjs.org/pinia/-/pinia-2.0.14.tgz",
      "integrity": "sha512-0nPuZR4TetT/WcLN+feMSjWJku3SQU7dBbXC6uw+R6FLQJCsg+/0pzXyD82T1FmAYe0lsx+jnEDQ1BLgkRKlxA==",
      "requires": {
        "@vue/devtools-api": "^6.1.4",
        "vue-demi": "*"
      }
    },
    "vue-demi": {
      "version": "0.13.1",
      "resolved": "https://registry.npmjs.org/vue-demi/-/vue-demi-0.13.1.tgz",
      "integrity": "sha512-xmkJ56koG3ptpLnpgmIzk9/4nFf4CqduSJbUM0OdPoU87NwRuZ6x49OLhjSa/fC15fV+5CbEnrxU4oyE022svg=="
    }
  }
}
